
Microsoft Visual Studio Solution File, Format Version 12.00
# Visual Studio Version 17
VisualStudioVersion = 17.6.33815.320
MinimumVisualStudioVersion = 10.0.40219.1
Project("{54A90642-561A-4BB1-A94E-469ADEE60C69}") = "reactapp", "reactapp\reactapp.esproj", "{7F1A54DC-9760-4370-B939-8EBB224EE698}"
EndProject
Project("{9A19103F-16F7-4668-BE54-9A1E7A4F7556}") = "webapi", "webapi\webapi.csproj", "{B0524D9F-7BC4-4278-86FE-C5F152BB4278}"
EndProject
Global
	GlobalSection(SolutionConfigurationPlatforms) = preSolution
		Debug|Any CPU = Debug|Any CPU
		Release|Any CPU = Release|Any CPU
	EndGlobalSection
	GlobalSection(ProjectConfigurationPlatforms) = postSolution
		{7F1A54DC-9760-4370-B939-8EBB224EE698}.Debug|Any CPU.ActiveCfg = Debug|Any CPU
		{7F1A54DC-9760-4370-B939-8EBB224EE698}.Debug|Any CPU.Build.0 = Debug|Any CPU
		{7F1A54DC-9760-4370-B939-8EBB224EE698}.Debug|Any CPU.Deploy.0 = Debug|Any CPU
		{7F1A54DC-9760-4370-B939-8EBB224EE698}.Release|Any CPU.ActiveCfg = Release|Any CPU
		{7F1A54DC-9760-4370-B939-8EBB224EE698}.Release|Any CPU.Build.0 = Release|Any CPU
		{7F1A54DC-9760-4370-B939-8EBB224EE698}.Release|Any CPU.Deploy.0 = Release|Any CPU
		{B0524D9F-7BC4-4278-86FE-C5F152BB4278}.Debug|Any CPU.ActiveCfg = Debug|Any CPU
		{B0524D9F-7BC4-4278-86FE-C5F152BB4278}.Debug|Any CPU.Build.0 = Debug|Any CPU
		{B0524D9F-7BC4-4278-86FE-C5F152BB4278}.Release|Any CPU.ActiveCfg = Release|Any CPU
		{B0524D9F-7BC4-4278-86FE-C5F152BB4278}.Release|Any CPU.Build.0 = Release|Any CPU
	EndGlobalSection
	GlobalSection(SolutionProperties) = preSolution
		HideSolutionNode = FALSE
	EndGlobalSection
	GlobalSection(ExtensibilityGlobals) = postSolution
		SolutionGuid = {37D9B28A-BB5E-4C71-8AE6-4A8F8F691B3E}
	EndGlobalSection
EndGlobal
